
Microsoft Visual Studio Solution File, Format Version 12.00
# Visual Studio 15
VisualStudioVersion = 15.0.27004.2009
MinimumVisualStudioVersion = 10.0.40219.1
Project("{FAE04EC0-301F-11D3-BF4B-00C04F79EFBC}") = "PatioBlox2016.Extractor", "PatioBlox2016.Extractor\PatioBlox2016.Extractor.csproj", "{B0FE40EA-32FC-41CE-8DC2-DD82B0597A85}"
EndProject
Project("{2150E333-8FDC-42A3-9474-1A3956D46DE8}") = ".nuget", ".nuget", "{685B5D58-90F5-49BC-96A0-00A9066B11EC}"
	ProjectSection(SolutionItems) = preProject
		.nuget\NuGet.Config = .nuget\NuGet.Config
		.nuget\NuGet.exe = .nuget\NuGet.exe
		.nuget\NuGet.targets = .nuget\NuGet.targets
	EndProjectSection
EndProject
Project("{FAE04EC0-301F-11D3-BF4B-00C04F79EFBC}") = "PatioBlox2016.Reporter", "PatioBlox2016.Reporter\PatioBlox2016.Reporter.csproj", "{A012BC24-C3A2-4FC8-A2DD-32758660D370}"
EndProject
Project("{FAE04EC0-301F-11D3-BF4B-00C04F79EFBC}") = "PatioBlox2018.Core", "PatioBlox2018.Core\PatioBlox2018.Core.csproj", "{FBF26DF0-6730-4495-8887-124B2AB856B3}"
EndProject
Project("{FAE04EC0-301F-11D3-BF4B-00C04F79EFBC}") = "PatioBlox2018.Tests", "PatioBlox2018.Tests\PatioBlox2018.Tests.csproj", "{CD5A149D-1A15-46C8-9881-C7E6F83822C9}"
EndProject
Project("{FAE04EC0-301F-11D3-BF4B-00C04F79EFBC}") = "PatioBlox2018.Blox", "PatioBlox2018.Blox\PatioBlox2018.Blox.csproj", "{57AEA36D-430F-4873-95C1-8EF4C6E116CA}"
EndProject
Project("{FAE04EC0-301F-11D3-BF4B-00C04F79EFBC}") = "PatioBlox2018.Impl", "PatioBlox2018.Impl\PatioBlox2018.Impl.csproj", "{C2D55DA5-52B4-4226-BDB1-5B30A9895E8A}"
EndProject
Project("{FAE04EC0-301F-11D3-BF4B-00C04F79EFBC}") = "PatioBlox2018.Validators", "PatioBlox2018.Validators\PatioBlox2018.Validators.csproj", "{B7CA18E0-F2EB-40EE-B330-90C5E0EA2A91}"
EndProject
Global
	GlobalSection(SolutionConfigurationPlatforms) = preSolution
		Debug|Any CPU = Debug|Any CPU
		Release|Any CPU = Release|Any CPU
	EndGlobalSection
	GlobalSection(ProjectConfigurationPlatforms) = postSolution
		{B0FE40EA-32FC-41CE-8DC2-DD82B0597A85}.Debug|Any CPU.ActiveCfg = Debug|Any CPU
		{B0FE40EA-32FC-41CE-8DC2-DD82B0597A85}.Debug|Any CPU.Build.0 = Debug|Any CPU
		{B0FE40EA-32FC-41CE-8DC2-DD82B0597A85}.Release|Any CPU.ActiveCfg = Release|Any CPU
		{B0FE40EA-32FC-41CE-8DC2-DD82B0597A85}.Release|Any CPU.Build.0 = Release|Any CPU
		{A012BC24-C3A2-4FC8-A2DD-32758660D370}.Debug|Any CPU.ActiveCfg = Debug|Any CPU
		{A012BC24-C3A2-4FC8-A2DD-32758660D370}.Debug|Any CPU.Build.0 = Debug|Any CPU
		{A012BC24-C3A2-4FC8-A2DD-32758660D370}.Release|Any CPU.ActiveCfg = Release|Any CPU
		{A012BC24-C3A2-4FC8-A2DD-32758660D370}.Release|Any CPU.Build.0 = Release|Any CPU
		{FBF26DF0-6730-4495-8887-124B2AB856B3}.Debug|Any CPU.ActiveCfg = Debug|Any CPU
		{FBF26DF0-6730-4495-8887-124B2AB856B3}.Debug|Any CPU.Build.0 = Debug|Any CPU
		{FBF26DF0-6730-4495-8887-124B2AB856B3}.Release|Any CPU.ActiveCfg = Release|Any CPU
		{FBF26DF0-6730-4495-8887-124B2AB856B3}.Release|Any CPU.Build.0 = Release|Any CPU
		{CD5A149D-1A15-46C8-9881-C7E6F83822C9}.Debug|Any CPU.ActiveCfg = Debug|Any CPU
		{CD5A149D-1A15-46C8-9881-C7E6F83822C9}.Debug|Any CPU.Build.0 = Debug|Any CPU
		{CD5A149D-1A15-46C8-9881-C7E6F83822C9}.Release|Any CPU.ActiveCfg = Release|Any CPU
		{CD5A149D-1A15-46C8-9881-C7E6F83822C9}.Release|Any CPU.Build.0 = Release|Any CPU
		{57AEA36D-430F-4873-95C1-8EF4C6E116CA}.Debug|Any CPU.ActiveCfg = Debug|Any CPU
		{57AEA36D-430F-4873-95C1-8EF4C6E116CA}.Debug|Any CPU.Build.0 = Debug|Any CPU
		{57AEA36D-430F-4873-95C1-8EF4C6E116CA}.Release|Any CPU.ActiveCfg = Release|Any CPU
		{57AEA36D-430F-4873-95C1-8EF4C6E116CA}.Release|Any CPU.Build.0 = Release|Any CPU
		{C2D55DA5-52B4-4226-BDB1-5B30A9895E8A}.Debug|Any CPU.ActiveCfg = Debug|Any CPU
		{C2D55DA5-52B4-4226-BDB1-5B30A9895E8A}.Debug|Any CPU.Build.0 = Debug|Any CPU
		{C2D55DA5-52B4-4226-BDB1-5B30A9895E8A}.Release|Any CPU.ActiveCfg = Release|Any CPU
		{C2D55DA5-52B4-4226-BDB1-5B30A9895E8A}.Release|Any CPU.Build.0 = Release|Any CPU
		{B7CA18E0-F2EB-40EE-B330-90C5E0EA2A91}.Debug|Any CPU.ActiveCfg = Debug|Any CPU
		{B7CA18E0-F2EB-40EE-B330-90C5E0EA2A91}.Debug|Any CPU.Build.0 = Debug|Any CPU
		{B7CA18E0-F2EB-40EE-B330-90C5E0EA2A91}.Release|Any CPU.ActiveCfg = Release|Any CPU
		{B7CA18E0-F2EB-40EE-B330-90C5E0EA2A91}.Release|Any CPU.Build.0 = Release|Any CPU
	EndGlobalSection
	GlobalSection(SolutionProperties) = preSolution
		HideSolutionNode = FALSE
	EndGlobalSection
	GlobalSection(ExtensibilityGlobals) = postSolution
		SolutionGuid = {F2A9BD96-229F-46B8-AF23-245F0A3EA7FE}
	EndGlobalSection
EndGlobal
